{
  "name": "@unpredictabledev/icedteapad",
  "version": "1.0.0",
  "lockfileVersion": 3,
  "requires": true,
  "packages": {
    "": {
      "name": "@unpredictabledev/icedteapad",
      "version": "1.0.0",
      "license": "ISC",
      "dependencies": {
        "icedteapad": "^1.0.0"
      },
      "devDependencies": {}
    },
    "node_modules/icedteapad": {
      "version": "1.0.0",
      "resolved": "https://registry.npmjs.org/icedteapad/-/icedteapad-1.0.0.tgz",
      "integrity": "sha512-tmcFZ4Ygj2OdLurFsWtWIVaeYU+m+htv6mdcRA9Q3eb3D4PhNZOL0CGbJT82vtINTugy0Y3PFGP2sDs7DBc6Sw=="
    }
  }
}
